
Microsoft Visual Studio Solution File, Format Version 12.00
# Visual Studio Version 17
VisualStudioVersion = 17.12.35707.178
MinimumVisualStudioVersion = 10.0.40219.1
Project("{2150E333-8FDC-42A3-9474-1A3956D46DE8}") = "src", "src", "{A81D9708-6BD6-45BE-AEBE-673D0A01B08E}"
EndProject
Project("{2150E333-8FDC-42A3-9474-1A3956D46DE8}") = "test", "test", "{DE9156C8-F732-4176-9D96-83052A350410}"
EndProject
Project("{FAE04EC0-301F-11D3-BF4B-00C04F79EFBC}") = "Bookify.Domain", "Bookify.Domain\Bookify.Domain.csproj", "{63A5C874-53E1-4B76-B985-7E541DC2FD33}"
EndProject
Project("{FAE04EC0-301F-11D3-BF4B-00C04F79EFBC}") = "Bookify.Application", "Bookify.Application\Bookify.Application.csproj", "{EA58D635-8056-4D7C-BEF9-5297407EBEC7}"
EndProject
Global
	GlobalSection(SolutionConfigurationPlatforms) = preSolution
		Debug|Any CPU = Debug|Any CPU
		Release|Any CPU = Release|Any CPU
	EndGlobalSection
	GlobalSection(ProjectConfigurationPlatforms) = postSolution
		{63A5C874-53E1-4B76-B985-7E541DC2FD33}.Debug|Any CPU.ActiveCfg = Debug|Any CPU
		{63A5C874-53E1-4B76-B985-7E541DC2FD33}.Debug|Any CPU.Build.0 = Debug|Any CPU
		{63A5C874-53E1-4B76-B985-7E541DC2FD33}.Release|Any CPU.ActiveCfg = Release|Any CPU
		{63A5C874-53E1-4B76-B985-7E541DC2FD33}.Release|Any CPU.Build.0 = Release|Any CPU
		{EA58D635-8056-4D7C-BEF9-5297407EBEC7}.Debug|Any CPU.ActiveCfg = Debug|Any CPU
		{EA58D635-8056-4D7C-BEF9-5297407EBEC7}.Debug|Any CPU.Build.0 = Debug|Any CPU
		{EA58D635-8056-4D7C-BEF9-5297407EBEC7}.Release|Any CPU.ActiveCfg = Release|Any CPU
		{EA58D635-8056-4D7C-BEF9-5297407EBEC7}.Release|Any CPU.Build.0 = Release|Any CPU
	EndGlobalSection
	GlobalSection(SolutionProperties) = preSolution
		HideSolutionNode = FALSE
	EndGlobalSection
	GlobalSection(NestedProjects) = preSolution
		{63A5C874-53E1-4B76-B985-7E541DC2FD33} = {A81D9708-6BD6-45BE-AEBE-673D0A01B08E}
		{EA58D635-8056-4D7C-BEF9-5297407EBEC7} = {A81D9708-6BD6-45BE-AEBE-673D0A01B08E}
	EndGlobalSection
EndGlobal
